PODS:
  - Alamofire (3.4.0)
  - AlamofireNetworkActivityIndicator (1.0.1):
    - Alamofire (~> 3.3)
  - Curry (2.2.0)
  - FLAnimatedImage (1.0.12)
  - Nimble (4.0.1)
  - Nuke (3.1.0)
  - Nuke-Alamofire-Plugin (0.6.0):
    - Alamofire (~> 3.0)
    - Nuke (~> 3.0)
  - Nuke-AnimatedImage-Plugin (1.0.0):
    - FLAnimatedImage (~> 1.0)
    - Nuke (~> 3.0)
  - Quick (0.9.2)
  - R.swift (2.3.0):
    - R.swift.Library (~> 2.1.0)
  - R.swift.Library (2.1.0)
  - RxAlamofire (2.4):
    - RxAlamofire/Core (= 2.4)
  - RxAlamofire/Core (2.4):
    - Alamofire (~> 3.4)
    - RxSwift (~> 2.4)
  - RxBlocking (2.5.0):
    - RxSwift (~> 2.5)
  - RxCocoa (2.5.0):
    - RxSwift (~> 2.5)
  - RxDataSources (0.8.1):
    - RxCocoa (~> 2.2)
    - RxSwift (~> 2.2)
  - RxSwift (2.5.0)
  - Swinject (1.1.2)
  - YYWaterflowLayout (1.0.0)

DEPENDENCIES:
  - Alamofire
  - AlamofireNetworkActivityIndicator
  - Curry
  - Nimble
  - Nuke
  - Nuke-Alamofire-Plugin
  - Nuke-AnimatedImage-Plugin
  - Quick
  - R.swift
  - RxAlamofire
  - RxBlocking
  - RxCocoa
  - RxDataSources
  - RxSwift
  - Swinject
  - YYWaterflowLayout

SPEC CHECKSUMS:
  Alamofire: c19a627cefd6a95f840401c49ab1f124e07f54ee
  AlamofireNetworkActivityIndicator: 49a6e39afb947136f7b1872bae2d684957c26697
  Curry: c22d80fff7f5a4b1bbd531455c3e2dbb099658a3
  FLAnimatedImage: 4a0b56255d9b05f18b6dd7ee06871be5d3b89e31
  Nimble: 0f3c8b8b084cda391209c3c5efbb48bedeeb920a
  Nuke: e93fa6ad10472c2d46ddca3a9dc92fd65027e40e
  Nuke-Alamofire-Plugin: 410bdb98360c586f8ca736e04dbba78fa1294aae
  Nuke-AnimatedImage-Plugin: 5a35f5a38dcd6c9559225de1c80ac7e758bd0ef8
  Quick: 18d057bc66451eedd5d1c8dc99ba2a5db6e60226
  R.swift: 38b2191a603c3d491a09baddfb4ccc7aa9be4d9d
  R.swift.Library: e5e077ed04f6867a95676af491650091b23518e9
  RxAlamofire: b72b5ca3e46b0d0cae0a19f8287b5f07a99866a7
  RxBlocking: 595d9ab56dde6b00beaa5aba40e95b150d2135f1
  RxCocoa: e1b1562e57a554d0fb2aabf9d71b637f177257c7
  RxDataSources: 4a87345847d66ef84ecc10bdfa189190f3cd6b12
  RxSwift: 402b41a50e922a0368fc14cb3bc9f4427920e8ae
  Swinject: 3debc5ac926dcd1be00947265a9db7a5f31b272a
  YYWaterflowLayout: 2d575ed8aabcd3ef545c99b8657c56ba175784ff

PODFILE CHECKSUM: 7fb3deeb10f366b7f6dfe0604d97864929c2ffb5

COCOAPODS: 1.0.1
