PODS:
  - Curry (2.2.0)
  - Nimble (4.0.1)
  - Quick (0.9.2)
  - R.swift (2.3.0):
    - R.swift.Library (~> 2.1.0)
  - R.swift.Library (2.1.0)
  - RxBlocking (2.5.0):
    - RxSwift (~> 2.5)
  - RxCocoa (2.5.0):
    - RxSwift (~> 2.5)
  - RxDataSources (0.8.1):
    - RxCocoa (~> 2.2)
    - RxSwift (~> 2.2)
  - RxSwift (2.5.0)
  - Swinject (1.1.2)

DEPENDENCIES:
  - Curry
  - Nimble
  - Quick
  - R.swift
  - RxBlocking
  - RxCocoa
  - RxDataSources
  - RxSwift
  - Swinject

SPEC CHECKSUMS:
  Curry: c22d80fff7f5a4b1bbd531455c3e2dbb099658a3
  Nimble: 0f3c8b8b084cda391209c3c5efbb48bedeeb920a
  Quick: 18d057bc66451eedd5d1c8dc99ba2a5db6e60226
  R.swift: 38b2191a603c3d491a09baddfb4ccc7aa9be4d9d
  R.swift.Library: e5e077ed04f6867a95676af491650091b23518e9
  RxBlocking: 595d9ab56dde6b00beaa5aba40e95b150d2135f1
  RxCocoa: e1b1562e57a554d0fb2aabf9d71b637f177257c7
  RxDataSources: 4a87345847d66ef84ecc10bdfa189190f3cd6b12
  RxSwift: 402b41a50e922a0368fc14cb3bc9f4427920e8ae
  Swinject: 3debc5ac926dcd1be00947265a9db7a5f31b272a

PODFILE CHECKSUM: 4d7c346f8a81d9b309bfc6f23697f2500ef5cdd5

COCOAPODS: 1.0.1
